{
  "name": "ajs-test",
  "version": "1.0.0",
  "lockfileVersion": 1,
  "requires": true,
  "dependencies": {
    "@boriskaminskiy/ajs": {
      "version": "1.0.0",
      "resolved": "https://npm.pkg.github.com/download/@boriskaminskiy/ajs/1.0.0/2deb59ba0324c6eca0b2bd7cff4c9464a02424ff",
      "integrity": "sha512-X96KsCFOtxYrMgZgnTfESv/Goze0ibpe7OQnAl1n8zuhQYkpzxPnG1JLerMSyzEZNZvcZJNrCMNgWFx4WGrYWw=="
    }
  }
}
